
Microsoft Visual Studio Solution File, Format Version 12.00
# Visual Studio Version 17
VisualStudioVersion = 17.7.34202.233
MinimumVisualStudioVersion = 10.0.40219.1
Project("{9A19103F-16F7-4668-BE54-9A1E7A4F7556}") = "BasketVoucher", "BasketVoucher\BasketVoucher.csproj", "{67FC964D-0400-4F95-9C09-9A523EEBCC22}"
EndProject
Global
	GlobalSection(SolutionConfigurationPlatforms) = preSolution
		Debug|Any CPU = Debug|Any CPU
		Release|Any CPU = Release|Any CPU
	EndGlobalSection
	GlobalSection(ProjectConfigurationPlatforms) = postSolution
		{67FC964D-0400-4F95-9C09-9A523EEBCC22}.Debug|Any CPU.ActiveCfg = Debug|Any CPU
		{67FC964D-0400-4F95-9C09-9A523EEBCC22}.Debug|Any CPU.Build.0 = Debug|Any CPU
		{67FC964D-0400-4F95-9C09-9A523EEBCC22}.Release|Any CPU.ActiveCfg = Release|Any CPU
		{67FC964D-0400-4F95-9C09-9A523EEBCC22}.Release|Any CPU.Build.0 = Release|Any CPU
	EndGlobalSection
	GlobalSection(SolutionProperties) = preSolution
		HideSolutionNode = FALSE
	EndGlobalSection
	GlobalSection(ExtensibilityGlobals) = postSolution
		SolutionGuid = {CB65AF2A-B604-41E9-8616-5FC5CB7927B9}
	EndGlobalSection
EndGlobal
